
Microsoft Visual Studio Solution File, Format Version 12.00
# Visual Studio Version 17
VisualStudioVersion = 17.9.34714.143
MinimumVisualStudioVersion = 10.0.40219.1
Project("{FAE04EC0-301F-11D3-BF4B-00C04F79EFBC}") = "MainAplikasi", "MainAplikasi\MainAplikasi.csproj", "{355188F7-8176-4D45-8707-0FB40DB29521}"
EndProject
Global
	GlobalSection(SolutionConfigurationPlatforms) = preSolution
		Debug|Any CPU = Debug|Any CPU
		Release|Any CPU = Release|Any CPU
	EndGlobalSection
	GlobalSection(ProjectConfigurationPlatforms) = postSolution
		{355188F7-8176-4D45-8707-0FB40DB29521}.Debug|Any CPU.ActiveCfg = Debug|Any CPU
		{355188F7-8176-4D45-8707-0FB40DB29521}.Debug|Any CPU.Build.0 = Debug|Any CPU
		{355188F7-8176-4D45-8707-0FB40DB29521}.Release|Any CPU.ActiveCfg = Release|Any CPU
		{355188F7-8176-4D45-8707-0FB40DB29521}.Release|Any CPU.Build.0 = Release|Any CPU
	EndGlobalSection
	GlobalSection(SolutionProperties) = preSolution
		HideSolutionNode = FALSE
	EndGlobalSection
	GlobalSection(ExtensibilityGlobals) = postSolution
		SolutionGuid = {D3291618-0C89-4A44-A109-82A602F5D8F7}
	EndGlobalSection
EndGlobal
